
Microsoft Visual Studio Solution File, Format Version 12.00
# Visual Studio Version 17
VisualStudioVersion = 17.9.34714.143
MinimumVisualStudioVersion = 10.0.40219.1
Project("{FAE04EC0-301F-11D3-BF4B-00C04F79EFBC}") = "ProgramaPesquisaJogo", "ProgramaPesquisaJogo.csproj", "{FD8EE347-71D3-4EA2-B4A2-54DD4BB664FA}"
EndProject
Global
	GlobalSection(SolutionConfigurationPlatforms) = preSolution
		Debug|Any CPU = Debug|Any CPU
		Release|Any CPU = Release|Any CPU
	EndGlobalSection
	GlobalSection(ProjectConfigurationPlatforms) = postSolution
		{FD8EE347-71D3-4EA2-B4A2-54DD4BB664FA}.Debug|Any CPU.ActiveCfg = Debug|Any CPU
		{FD8EE347-71D3-4EA2-B4A2-54DD4BB664FA}.Debug|Any CPU.Build.0 = Debug|Any CPU
		{FD8EE347-71D3-4EA2-B4A2-54DD4BB664FA}.Release|Any CPU.ActiveCfg = Release|Any CPU
		{FD8EE347-71D3-4EA2-B4A2-54DD4BB664FA}.Release|Any CPU.Build.0 = Release|Any CPU
	EndGlobalSection
	GlobalSection(SolutionProperties) = preSolution
		HideSolutionNode = FALSE
	EndGlobalSection
	GlobalSection(ExtensibilityGlobals) = postSolution
		SolutionGuid = {53BD56C6-DA17-4DC5-AE76-9AD23A5229C6}
	EndGlobalSection
EndGlobal
